<?xml version="1.0" encoding="utf-8"?>
<Project ToolsVersion="4.0" xmlns="http://schemas.microsoft.com/developer/msbuild/2003">
  <ItemGroup>
    <Filter Include="Source Files">
      <UniqueIdentifier>{4FC737F1-C7A5-4376-A066-2A32D752A2FF}</UniqueIdentifier>
      <Extensions>cpp;c;cc;cxx;def;odl;idl;hpj;bat;asm;asmx</Extensions>
    </Filter>
    <Filter Include="Header Files">
      <UniqueIdentifier>{93995380-89BD-4b04-88EB-625FBE52EBFB}</UniqueIdentifier>
      <Extensions>h;hh;hpp;hxx;hm;inl;inc;ipp;xsd</Extensions>
    </Filter>
    <Filter Include="Shaders">
      <UniqueIdentifier>{b86dcfe6-c946-42d6-ab73-3cd5858dab86}</UniqueIdentifier>
    </Filter>
    <Filter Include="glad">
      <UniqueIdentifier>{efca1de2-db98-416d-842c-834e584f9cdd}</UniqueIdentifier>
    </Filter>
    <Filter Include="Maths">
      <UniqueIdentifier>{4c822d50-5167-456f-9172-c2841ae18c89}</UniqueIdentifier>
    </Filter>
    <Filter Include="Textures">
      <UniqueIdentifier>{c4e9467a-d646-4878-bd51-b76b57a0d707}</UniqueIdentifier>
    </Filter>
    <Filter Include="tinyobj">
      <UniqueIdentifier>{15e474ed-c987-4c20-a572-19ddb0b07651}</UniqueIdentifier>
    </Filter>
    <Filter Include="RenderPools">
      <UniqueIdentifier>{be4f2df5-9374-410e-8851-99d3cfc3d84b}</UniqueIdentifier>
    </Filter>
    <Filter Include="Mesh">
      <UniqueIdentifier>{1d865963-faac-407f-bb94-95145b68d7c9}</UniqueIdentifier>
    </Filter>
    <Filter Include="Mesh\BoundingBox">
      <UniqueIdentifier>{7bfbfca3-9f55-4f13-8da9-2a5e28d2fd1e}</UniqueIdentifier>
    </Filter>
    <Filter Include="Animation">
      <UniqueIdentifier>{934364d1-2f01-40e0-8190-ea5012293843}</UniqueIdentifier>
    </Filter>
    <Filter Include="tinygltf">
      <UniqueIdentifier>{452cd628-a5ad-43d4-a5a9-fac7cb2457ca}</UniqueIdentifier>
    </Filter>
    <Filter Include="RenderPools\PostProcessing">
      <UniqueIdentifier>{fc7b3b70-60e4-41e4-a553-4b37d380bbcb}</UniqueIdentifier>
    </Filter>
    <Filter Include="PostProcessingFX">
      <UniqueIdentifier>{fea8dec9-7276-4c9a-ac96-e56a0fb625a9}</UniqueIdentifier>
    </Filter>
    <Filter Include="Lighting">
      <UniqueIdentifier>{024348fa-a9a9-409e-9c02-cf42300815cd}</UniqueIdentifier>
    </Filter>
    <Filter Include="RenderPools\Lighting">
      <UniqueIdentifier>{5774245b-16c8-4e2a-9923-dd4f758756ed}</UniqueIdentifier>
    </Filter>
    <Filter Include="Shaders\Uniforms">
      <UniqueIdentifier>{c139b73b-66f9-45c0-bb49-aaaf5c1c15d0}</UniqueIdentifier>
    </Filter>
  </ItemGroup>
  <ItemGroup>
    <ClInclude Include="Shader.h">
      <Filter>Shaders</Filter>
    </ClInclude>
    <ClInclude Include="glad\glad.h">
      <Filter>glad</Filter>
    </ClInclude>
    <ClInclude Include="glad\khrplatform.h">
      <Filter>glad</Filter>
    </ClInclude>
    <ClInclude Include="FallbackShaders.h">
      <Filter>Shaders</Filter>
    </ClInclude>
    <ClInclude Include="RenderObject.h">
      <Filter>Header Files</Filter>
    </ClInclude>
    <ClInclude Include="Renderer.h">
      <Filter>Header Files</Filter>
    </ClInclude>
    <ClInclude Include="Vertex.h">
      <Filter>Maths</Filter>
    </ClInclude>
    <ClInclude Include="Camera.h">
      <Filter>Header Files</Filter>
    </ClInclude>
    <ClInclude Include="Texture.h">
      <Filter>Textures</Filter>
    </ClInclude>
    <ClInclude Include="TextureLoader.h">
      <Filter>Textures</Filter>
    </ClInclude>
    <ClInclude Include="tinyobj\tiny_obj_loader.h">
      <Filter>tinyobj</Filter>
    </ClInclude>
    <ClInclude Include="Box.h">
      <Filter>Maths</Filter>
    </ClInclude>
    <ClInclude Include="RenderPool.h">
      <Filter>RenderPools</Filter>
    </ClInclude>
    <ClInclude Include="StencilPool.h">
      <Filter>RenderPools</Filter>
    </ClInclude>
    <ClInclude Include="Mesh.h">
      <Filter>Mesh</Filter>
    </ClInclude>
    <ClInclude Include="MeshHelpers.h">
      <Filter>Mesh</Filter>
    </ClInclude>
    <ClInclude Include="BoundingBox.h">
      <Filter>Mesh\BoundingBox</Filter>
    </ClInclude>
    <ClInclude Include="BoundingSphere.h">
      <Filter>Mesh\BoundingBox</Filter>
    </ClInclude>
    <ClInclude Include="Plane.h">
      <Filter>Mesh\BoundingBox</Filter>
    </ClInclude>
    <ClInclude Include="Frustum.h">
      <Filter>Header Files</Filter>
    </ClInclude>
    <ClInclude Include="tinygltf\tiny_gltf.h">
      <Filter>tinygltf</Filter>
    </ClInclude>
    <ClInclude Include="AnimatedMesh.h">
      <Filter>Animation</Filter>
    </ClInclude>
    <ClInclude Include="Joint.h">
      <Filter>Animation</Filter>
    </ClInclude>
    <ClInclude Include="Skeleton.h">
      <Filter>Animation</Filter>
    </ClInclude>
    <ClInclude Include="VertexWeightData.h">
      <Filter>Maths</Filter>
    </ClInclude>
    <ClInclude Include="Animation.h">
      <Filter>Animation</Filter>
    </ClInclude>
    <ClInclude Include="AnimationChannel.h">
      <Filter>Animation</Filter>
    </ClInclude>
    <ClInclude Include="AnimationSampler.h">
      <Filter>Animation</Filter>
    </ClInclude>
    <ClInclude Include="AnimatedRenderObject.h">
      <Filter>Animation</Filter>
    </ClInclude>
    <ClInclude Include="ToScreenRenderPool.h">
      <Filter>RenderPools\PostProcessing</Filter>
    </ClInclude>
    <ClInclude Include="FixedScreenCamera.h">
      <Filter>Header Files</Filter>
    </ClInclude>
    <ClInclude Include="PostProcessingFX.h">
      <Filter>PostProcessingFX</Filter>
    </ClInclude>
    <ClInclude Include="PointLight.h">
      <Filter>Lighting</Filter>
    </ClInclude>
    <ClInclude Include="LightPool.h">
      <Filter>RenderPools\Lighting</Filter>
    </ClInclude>
    <ClInclude Include="CombinePool.h">
      <Filter>RenderPools\Lighting</Filter>
    </ClInclude>
    <ClInclude Include="Cubemap.h">
      <Filter>Textures</Filter>
    </ClInclude>
    <ClInclude Include="SkyboxFX.h">
      <Filter>PostProcessingFX</Filter>
    </ClInclude>
    <ClInclude Include="BaseUniform.h">
      <Filter>Shaders\Uniforms</Filter>
    </ClInclude>
    <ClInclude Include="DirectionalLightUniform.h">
      <Filter>Shaders\Uniforms</Filter>
    </ClInclude>
    <ClInclude Include="ShadowmapPool.h">
      <Filter>RenderPools\Lighting</Filter>
    </ClInclude>
    <ClInclude Include="DirectionalLightCamera.h">
      <Filter>Header Files</Filter>
    </ClInclude>
    <ClInclude Include="ShadowMatrixUniform.h">
      <Filter>Shaders\Uniforms</Filter>
    </ClInclude>
  </ItemGroup>
  <ItemGroup>
    <ClCompile Include="Renderer.cpp">
      <Filter>Source Files</Filter>
    </ClCompile>
    <ClCompile Include="Shader.cpp">
      <Filter>Shaders</Filter>
    </ClCompile>
    <ClCompile Include="glad\glad.c">
      <Filter>glad</Filter>
    </ClCompile>
    <ClCompile Include="FallbackShaders.cpp">
      <Filter>Shaders</Filter>
    </ClCompile>
    <ClCompile Include="RenderObject.cpp">
      <Filter>Source Files</Filter>
    </ClCompile>
    <ClCompile Include="Vertex.cpp">
      <Filter>Maths</Filter>
    </ClCompile>
    <ClCompile Include="Camera.cpp">
      <Filter>Source Files</Filter>
    </ClCompile>
    <ClCompile Include="Texture.cpp">
      <Filter>Textures</Filter>
    </ClCompile>
    <ClCompile Include="TextureLoader.cpp">
      <Filter>Textures</Filter>
    </ClCompile>
    <ClCompile Include="RenderPool.cpp">
      <Filter>RenderPools</Filter>
    </ClCompile>
    <ClCompile Include="StencilPool.cpp">
      <Filter>RenderPools</Filter>
    </ClCompile>
    <ClCompile Include="Mesh.cpp">
      <Filter>Mesh</Filter>
    </ClCompile>
    <ClCompile Include="MeshHelpers.cpp">
      <Filter>Mesh</Filter>
    </ClCompile>
    <ClCompile Include="BoundingBox.cpp">
      <Filter>Mesh\BoundingBox</Filter>
    </ClCompile>
    <ClCompile Include="BoundingSphere.cpp">
      <Filter>Mesh\BoundingBox</Filter>
    </ClCompile>
    <ClCompile Include="Plane.cpp">
      <Filter>Mesh\BoundingBox</Filter>
    </ClCompile>
    <ClCompile Include="Frustum.cpp">
      <Filter>Source Files</Filter>
    </ClCompile>
    <ClCompile Include="AnimatedMesh.cpp">
      <Filter>Animation</Filter>
    </ClCompile>
    <ClCompile Include="Joint.cpp">
      <Filter>Animation</Filter>
    </ClCompile>
    <ClCompile Include="Skeleton.cpp">
      <Filter>Animation</Filter>
    </ClCompile>
    <ClCompile Include="VertexWeightData.cpp">
      <Filter>Maths</Filter>
    </ClCompile>
    <ClCompile Include="AnimationChannel.cpp">
      <Filter>Animation</Filter>
    </ClCompile>
    <ClCompile Include="Animation.cpp">
      <Filter>Animation</Filter>
    </ClCompile>
    <ClCompile Include="AnimationSampler.cpp">
      <Filter>Animation</Filter>
    </ClCompile>
    <ClCompile Include="AnimatedRenderObject.cpp">
      <Filter>Animation</Filter>
    </ClCompile>
    <ClCompile Include="ToScreenRenderPool.cpp">
      <Filter>RenderPools\PostProcessing</Filter>
    </ClCompile>
    <ClCompile Include="FixedScreenCamera.cpp">
      <Filter>Source Files</Filter>
    </ClCompile>
    <ClCompile Include="PostProcessingFX.cpp">
      <Filter>PostProcessingFX</Filter>
    </ClCompile>
    <ClCompile Include="PointLight.cpp">
      <Filter>Lighting</Filter>
    </ClCompile>
    <ClCompile Include="LightPool.cpp">
      <Filter>RenderPools\Lighting</Filter>
    </ClCompile>
    <ClCompile Include="CombinePool.cpp">
      <Filter>RenderPools\Lighting</Filter>
    </ClCompile>
    <ClCompile Include="Cubemap.cpp">
      <Filter>Textures</Filter>
    </ClCompile>
    <ClCompile Include="SkyboxFX.cpp">
      <Filter>PostProcessingFX</Filter>
    </ClCompile>
    <ClCompile Include="BaseUniform.cpp">
      <Filter>Shaders\Uniforms</Filter>
    </ClCompile>
    <ClCompile Include="DirectionalLightUniform.cpp">
      <Filter>Shaders\Uniforms</Filter>
    </ClCompile>
    <ClCompile Include="ShadowmapPool.cpp">
      <Filter>RenderPools\Lighting</Filter>
    </ClCompile>
    <ClCompile Include="DirectionalLightCamera.cpp">
      <Filter>Source Files</Filter>
    </ClCompile>
    <ClCompile Include="ShadowMatrixUniform.cpp">
      <Filter>Shaders\Uniforms</Filter>
    </ClCompile>
  </ItemGroup>
</Project>