
Microsoft Visual Studio Solution File, Format Version 12.00
# Visual Studio 15
VisualStudioVersion = 15.0.28010.2036
MinimumVisualStudioVersion = 10.0.40219.1
Project("{8BC9CEB8-8B4A-11D0-8D11-00A0C91BC942}") = "RobGL", "RobGL\RobGL.vcxproj", "{028A2AA2-AEA7-4AB1-8517-C21802786946}"
	ProjectSection(ProjectDependencies) = postProject
		{AE7DB0B7-2B34-46C9-8E42-C7ACC1F6211F} = {AE7DB0B7-2B34-46C9-8E42-C7ACC1F6211F}
	EndProjectSection
EndProject
Project("{2150E333-8FDC-42A3-9474-1A3956D46DE8}") = "Shared", "Shared", "{9C0CE449-72E8-4B28-9410-01F0511BB2AA}"
EndProject
Project("{8BC9CEB8-8B4A-11D0-8D11-00A0C91BC942}") = "Window", "..\Shared\Window\Window.vcxproj", "{AE7DB0B7-2B34-46C9-8E42-C7ACC1F6211F}"
EndProject
Project("{2150E333-8FDC-42A3-9474-1A3956D46DE8}") = "Worlds", "Worlds", "{198460DD-CE1F-4C00-B365-DB37FE8BCAE6}"
EndProject
Project("{2150E333-8FDC-42A3-9474-1A3956D46DE8}") = "SubSystems", "SubSystems", "{1CC3633A-3EB2-4684-97B5-D9F46BBFAEAE}"
EndProject
Project("{8BC9CEB8-8B4A-11D0-8D11-00A0C91BC942}") = "Input", "..\SubSystems\Input\Input.vcxproj", "{8B1A4327-9CAD-4A48-AA0F-B7171BA7DAA1}"
	ProjectSection(ProjectDependencies) = postProject
		{AE7DB0B7-2B34-46C9-8E42-C7ACC1F6211F} = {AE7DB0B7-2B34-46C9-8E42-C7ACC1F6211F}
	EndProjectSection
EndProject
Project("{8BC9CEB8-8B4A-11D0-8D11-00A0C91BC942}") = "RobGL_SceneGraph", "RobGL_SceneGraph\RobGL_SceneGraph.vcxproj", "{78A945DC-C3E0-4723-BD5C-BB40FAA88661}"
	ProjectSection(ProjectDependencies) = postProject
		{028A2AA2-AEA7-4AB1-8517-C21802786946} = {028A2AA2-AEA7-4AB1-8517-C21802786946}
	EndProjectSection
EndProject
Project("{8BC9CEB8-8B4A-11D0-8D11-00A0C91BC942}") = "CourseworkScenes", "..\Worlds\CourseworkScenes\CourseworkScenes.vcxproj", "{02BFC3EE-3F95-450B-85DA-88EE42194169}"
	ProjectSection(ProjectDependencies) = postProject
		{8B1A4327-9CAD-4A48-AA0F-B7171BA7DAA1} = {8B1A4327-9CAD-4A48-AA0F-B7171BA7DAA1}
		{028A2AA2-AEA7-4AB1-8517-C21802786946} = {028A2AA2-AEA7-4AB1-8517-C21802786946}
		{AE7DB0B7-2B34-46C9-8E42-C7ACC1F6211F} = {AE7DB0B7-2B34-46C9-8E42-C7ACC1F6211F}
		{78A945DC-C3E0-4723-BD5C-BB40FAA88661} = {78A945DC-C3E0-4723-BD5C-BB40FAA88661}
	EndProjectSection
EndProject
Global
	GlobalSection(SolutionConfigurationPlatforms) = preSolution
		Debug|x64 = Debug|x64
		Debug|x86 = Debug|x86
		Release|x64 = Release|x64
		Release|x86 = Release|x86
	EndGlobalSection
	GlobalSection(ProjectConfigurationPlatforms) = postSolution
		{028A2AA2-AEA7-4AB1-8517-C21802786946}.Debug|x64.ActiveCfg = Debug|x64
		{028A2AA2-AEA7-4AB1-8517-C21802786946}.Debug|x64.Build.0 = Debug|x64
		{028A2AA2-AEA7-4AB1-8517-C21802786946}.Debug|x86.ActiveCfg = Debug|Win32
		{028A2AA2-AEA7-4AB1-8517-C21802786946}.Debug|x86.Build.0 = Debug|Win32
		{028A2AA2-AEA7-4AB1-8517-C21802786946}.Release|x64.ActiveCfg = Release|x64
		{028A2AA2-AEA7-4AB1-8517-C21802786946}.Release|x64.Build.0 = Release|x64
		{028A2AA2-AEA7-4AB1-8517-C21802786946}.Release|x86.ActiveCfg = Release|Win32
		{028A2AA2-AEA7-4AB1-8517-C21802786946}.Release|x86.Build.0 = Release|Win32
		{AE7DB0B7-2B34-46C9-8E42-C7ACC1F6211F}.Debug|x64.ActiveCfg = Debug|x64
		{AE7DB0B7-2B34-46C9-8E42-C7ACC1F6211F}.Debug|x64.Build.0 = Debug|x64
		{AE7DB0B7-2B34-46C9-8E42-C7ACC1F6211F}.Debug|x86.ActiveCfg = Debug|Win32
		{AE7DB0B7-2B34-46C9-8E42-C7ACC1F6211F}.Debug|x86.Build.0 = Debug|Win32
		{AE7DB0B7-2B34-46C9-8E42-C7ACC1F6211F}.Release|x64.ActiveCfg = Release|x64
		{AE7DB0B7-2B34-46C9-8E42-C7ACC1F6211F}.Release|x64.Build.0 = Release|x64
		{AE7DB0B7-2B34-46C9-8E42-C7ACC1F6211F}.Release|x86.ActiveCfg = Release|Win32
		{AE7DB0B7-2B34-46C9-8E42-C7ACC1F6211F}.Release|x86.Build.0 = Release|Win32
		{8B1A4327-9CAD-4A48-AA0F-B7171BA7DAA1}.Debug|x64.ActiveCfg = Debug|x64
		{8B1A4327-9CAD-4A48-AA0F-B7171BA7DAA1}.Debug|x64.Build.0 = Debug|x64
		{8B1A4327-9CAD-4A48-AA0F-B7171BA7DAA1}.Debug|x86.ActiveCfg = Debug|Win32
		{8B1A4327-9CAD-4A48-AA0F-B7171BA7DAA1}.Debug|x86.Build.0 = Debug|Win32
		{8B1A4327-9CAD-4A48-AA0F-B7171BA7DAA1}.Release|x64.ActiveCfg = Release|x64
		{8B1A4327-9CAD-4A48-AA0F-B7171BA7DAA1}.Release|x64.Build.0 = Release|x64
		{8B1A4327-9CAD-4A48-AA0F-B7171BA7DAA1}.Release|x86.ActiveCfg = Release|Win32
		{8B1A4327-9CAD-4A48-AA0F-B7171BA7DAA1}.Release|x86.Build.0 = Release|Win32
		{78A945DC-C3E0-4723-BD5C-BB40FAA88661}.Debug|x64.ActiveCfg = Debug|x64
		{78A945DC-C3E0-4723-BD5C-BB40FAA88661}.Debug|x64.Build.0 = Debug|x64
		{78A945DC-C3E0-4723-BD5C-BB40FAA88661}.Debug|x86.ActiveCfg = Debug|Win32
		{78A945DC-C3E0-4723-BD5C-BB40FAA88661}.Debug|x86.Build.0 = Debug|Win32
		{78A945DC-C3E0-4723-BD5C-BB40FAA88661}.Release|x64.ActiveCfg = Release|x64
		{78A945DC-C3E0-4723-BD5C-BB40FAA88661}.Release|x64.Build.0 = Release|x64
		{78A945DC-C3E0-4723-BD5C-BB40FAA88661}.Release|x86.ActiveCfg = Release|Win32
		{78A945DC-C3E0-4723-BD5C-BB40FAA88661}.Release|x86.Build.0 = Release|Win32
		{02BFC3EE-3F95-450B-85DA-88EE42194169}.Debug|x64.ActiveCfg = Debug|x64
		{02BFC3EE-3F95-450B-85DA-88EE42194169}.Debug|x64.Build.0 = Debug|x64
		{02BFC3EE-3F95-450B-85DA-88EE42194169}.Debug|x86.ActiveCfg = Debug|Win32
		{02BFC3EE-3F95-450B-85DA-88EE42194169}.Debug|x86.Build.0 = Debug|Win32
		{02BFC3EE-3F95-450B-85DA-88EE42194169}.Release|x64.ActiveCfg = Release|x64
		{02BFC3EE-3F95-450B-85DA-88EE42194169}.Release|x64.Build.0 = Release|x64
		{02BFC3EE-3F95-450B-85DA-88EE42194169}.Release|x86.ActiveCfg = Release|Win32
		{02BFC3EE-3F95-450B-85DA-88EE42194169}.Release|x86.Build.0 = Release|Win32
	EndGlobalSection
	GlobalSection(SolutionProperties) = preSolution
		HideSolutionNode = FALSE
	EndGlobalSection
	GlobalSection(NestedProjects) = preSolution
		{AE7DB0B7-2B34-46C9-8E42-C7ACC1F6211F} = {9C0CE449-72E8-4B28-9410-01F0511BB2AA}
		{8B1A4327-9CAD-4A48-AA0F-B7171BA7DAA1} = {1CC3633A-3EB2-4684-97B5-D9F46BBFAEAE}
		{02BFC3EE-3F95-450B-85DA-88EE42194169} = {198460DD-CE1F-4C00-B365-DB37FE8BCAE6}
	EndGlobalSection
	GlobalSection(ExtensibilityGlobals) = postSolution
		SolutionGuid = {7819EC4A-AC30-4B9A-B9A1-9AAB8EE559B1}
	EndGlobalSection
EndGlobal
